
Microsoft Visual Studio Solution File, Format Version 12.00
# Visual Studio Version 16
VisualStudioVersion = 16.0.33927.289
MinimumVisualStudioVersion = 10.0.40219.1
Project("{FAE04EC0-301F-11D3-BF4B-00C04F79EFBC}") = "Tyuiu.AleevRI.Sprint4.Task0.V20", "Tyuiu.AleevRI.Sprint4.Task0.V20\Tyuiu.AleevRI.Sprint4.Task0.V20.csproj", "{22DEE537-982F-4886-B8C5-678980BA7A5F}"
EndProject
Project("{2150E333-8FDC-42A3-9474-1A3956D46DE8}") = "Task0", "Task0", "{9060E31F-B0EE-45C3-ACAF-42F583E19B45}"
EndProject
Project("{FAE04EC0-301F-11D3-BF4B-00C04F79EFBC}") = "Tyuiu.AleevRI.Sprint4.Task0.V20.Lib", "Tyuiu.AleevRI.Sprint4.Task0.V20.Lib\Tyuiu.AleevRI.Sprint4.Task0.V20.Lib.csproj", "{2DA1B531-FAFB-44F6-843A-EDCC08EA2F21}"
EndProject
Project("{FAE04EC0-301F-11D3-BF4B-00C04F79EFBC}") = "Tyuiu.AleevRI.Sprint4.Task0.V20.Test", "Tyuiu.AleevRI.Sprint4.Task0.V20.Test\Tyuiu.AleevRI.Sprint4.Task0.V20.Test.csproj", "{8E363FC1-3A7A-4AF6-ACA2-1AB863E085CE}"
EndProject
Project("{2150E333-8FDC-42A3-9474-1A3956D46DE8}") = "Task1", "Task1", "{B2AE3D7D-0231-472A-97D9-A3004DCA14DF}"
EndProject
Project("{FAE04EC0-301F-11D3-BF4B-00C04F79EFBC}") = "Tyuiu.AleevRI.Sprint4.Task1.V11", "Tyuiu.AleevRI.Sprint4.Task1.V11\Tyuiu.AleevRI.Sprint4.Task1.V11.csproj", "{97E4ABEB-ACC5-4293-97D6-9F5E242C519D}"
EndProject
Project("{FAE04EC0-301F-11D3-BF4B-00C04F79EFBC}") = "Tyuiu.AleevRI.Sprint4.Task1.V11.Lib", "Tyuiu.AleevRI.Sprint4.Task1.V11.Lib\Tyuiu.AleevRI.Sprint4.Task1.V11.Lib.csproj", "{3D62F458-EED7-4FF7-B5F9-A0B37F77F05B}"
EndProject
Project("{FAE04EC0-301F-11D3-BF4B-00C04F79EFBC}") = "Tyuiu.AleevRI.Sprint4.Task1.V11.Test", "Tyuiu.AleevRI.Sprint4.Task1.V11.Test\Tyuiu.AleevRI.Sprint4.Task1.V11.Test.csproj", "{FB04ECC8-FF0E-4612-B475-31BA3A7C4BD5}"
EndProject
Project("{2150E333-8FDC-42A3-9474-1A3956D46DE8}") = "Task2", "Task2", "{B43556C9-0685-4972-8B9B-1BE6B2B61E85}"
EndProject
Project("{FAE04EC0-301F-11D3-BF4B-00C04F79EFBC}") = "Tyuiu.AleevRI.Sprint4.Task2.V21", "Tyuiu.AleevRI.Sprint4.Task2.V21\Tyuiu.AleevRI.Sprint4.Task2.V21.csproj", "{BB8884EC-0CCD-435E-8742-34811C3CBBB1}"
EndProject
Project("{FAE04EC0-301F-11D3-BF4B-00C04F79EFBC}") = "Tyuiu.AleevRI.Sprint4.Task2.V21.Lib", "Tyuiu.AleevRI.Sprint4.Task2.V21.Lib\Tyuiu.AleevRI.Sprint4.Task2.V21.Lib.csproj", "{A52C13C1-7AC6-42A0-8187-58C9AFAAE522}"
EndProject
Project("{FAE04EC0-301F-11D3-BF4B-00C04F79EFBC}") = "Tyuiu.AleevRI.Sprint4.Task2.V21.Test", "Tyuiu.AleevRI.Sprint4.Task2.V21.Test\Tyuiu.AleevRI.Sprint4.Task2.V21.Test.csproj", "{B45218B8-9377-4DD9-8947-8033929C67E2}"
EndProject
Project("{2150E333-8FDC-42A3-9474-1A3956D46DE8}") = "Task3", "Task3", "{DD702199-D90D-4C00-9165-0A4453A7A9DC}"
EndProject
Project("{FAE04EC0-301F-11D3-BF4B-00C04F79EFBC}") = "Tyuiu.AleevRI.Sprint4.Task3.V25", "Tyuiu.AleevRI.Sprint4.Task3.V25\Tyuiu.AleevRI.Sprint4.Task3.V25.csproj", "{3BC2ED0F-A88B-4302-92F8-76273DF1B28C}"
EndProject
Project("{FAE04EC0-301F-11D3-BF4B-00C04F79EFBC}") = "Tyuiu.AleevRI.Sprint4.Task3.V25.Lib", "Tyuiu.AleevRI.Sprint4.Task3.V25.Lib\Tyuiu.AleevRI.Sprint4.Task3.V25.Lib.csproj", "{4B1E3347-06D6-48D7-B447-7DC6EE06DF1E}"
EndProject
Project("{FAE04EC0-301F-11D3-BF4B-00C04F79EFBC}") = "Tyuiu.AleevRI.Sprint4.Task3.V25.Test", "Tyuiu.AleevRI.Sprint4.Task3.V25.Test\Tyuiu.AleevRI.Sprint4.Task3.V25.Test.csproj", "{73917716-67D8-437A-AF4E-B80CAB1879EF}"
EndProject
Project("{2150E333-8FDC-42A3-9474-1A3956D46DE8}") = "Task4", "Task4", "{8F76C68B-9464-439F-B43E-8C00C03F35E1}"
EndProject
Project("{FAE04EC0-301F-11D3-BF4B-00C04F79EFBC}") = "Tyuiu.AleevRI.Sprint4.Task4.V7", "Tyuiu.AleevRI.Sprint4.Task4.V7\Tyuiu.AleevRI.Sprint4.Task4.V7.csproj", "{9D783F58-B211-4E9A-81AE-B13BAB040977}"
EndProject
Project("{FAE04EC0-301F-11D3-BF4B-00C04F79EFBC}") = "Tyuiu.AleevRI.Sprint4.Task4.V7.Lib", "Tyuiu.AleevRI.Sprint4.Task4.V7.Lib\Tyuiu.AleevRI.Sprint4.Task4.V7.Lib.csproj", "{AA80C16E-A1ED-405D-8584-7624C39723B7}"
EndProject
Project("{FAE04EC0-301F-11D3-BF4B-00C04F79EFBC}") = "Tyuiu.AleevRI.Sprint4.Task4.V7.Test", "Tyuiu.AleevRI.Sprint4.Task4.V7.Test\Tyuiu.AleevRI.Sprint4.Task4.V7.Test.csproj", "{FC9EDF96-ECC4-4571-A8F0-9B52E9564590}"
EndProject
Global
	GlobalSection(SolutionConfigurationPlatforms) = preSolution
		Debug|Any CPU = Debug|Any CPU
		Release|Any CPU = Release|Any CPU
	EndGlobalSection
	GlobalSection(ProjectConfigurationPlatforms) = postSolution
		{22DEE537-982F-4886-B8C5-678980BA7A5F}.Debug|Any CPU.ActiveCfg = Debug|Any CPU
		{22DEE537-982F-4886-B8C5-678980BA7A5F}.Debug|Any CPU.Build.0 = Debug|Any CPU
		{22DEE537-982F-4886-B8C5-678980BA7A5F}.Release|Any CPU.ActiveCfg = Release|Any CPU
		{22DEE537-982F-4886-B8C5-678980BA7A5F}.Release|Any CPU.Build.0 = Release|Any CPU
		{2DA1B531-FAFB-44F6-843A-EDCC08EA2F21}.Debug|Any CPU.ActiveCfg = Debug|Any CPU
		{2DA1B531-FAFB-44F6-843A-EDCC08EA2F21}.Debug|Any CPU.Build.0 = Debug|Any CPU
		{2DA1B531-FAFB-44F6-843A-EDCC08EA2F21}.Release|Any CPU.ActiveCfg = Release|Any CPU
		{2DA1B531-FAFB-44F6-843A-EDCC08EA2F21}.Release|Any CPU.Build.0 = Release|Any CPU
		{8E363FC1-3A7A-4AF6-ACA2-1AB863E085CE}.Debug|Any CPU.ActiveCfg = Debug|Any CPU
		{8E363FC1-3A7A-4AF6-ACA2-1AB863E085CE}.Debug|Any CPU.Build.0 = Debug|Any CPU
		{8E363FC1-3A7A-4AF6-ACA2-1AB863E085CE}.Release|Any CPU.ActiveCfg = Release|Any CPU
		{8E363FC1-3A7A-4AF6-ACA2-1AB863E085CE}.Release|Any CPU.Build.0 = Release|Any CPU
		{97E4ABEB-ACC5-4293-97D6-9F5E242C519D}.Debug|Any CPU.ActiveCfg = Debug|Any CPU
		{97E4ABEB-ACC5-4293-97D6-9F5E242C519D}.Debug|Any CPU.Build.0 = Debug|Any CPU
		{97E4ABEB-ACC5-4293-97D6-9F5E242C519D}.Release|Any CPU.ActiveCfg = Release|Any CPU
		{97E4ABEB-ACC5-4293-97D6-9F5E242C519D}.Release|Any CPU.Build.0 = Release|Any CPU
		{3D62F458-EED7-4FF7-B5F9-A0B37F77F05B}.Debug|Any CPU.ActiveCfg = Debug|Any CPU
		{3D62F458-EED7-4FF7-B5F9-A0B37F77F05B}.Debug|Any CPU.Build.0 = Debug|Any CPU
		{3D62F458-EED7-4FF7-B5F9-A0B37F77F05B}.Release|Any CPU.ActiveCfg = Release|Any CPU
		{3D62F458-EED7-4FF7-B5F9-A0B37F77F05B}.Release|Any CPU.Build.0 = Release|Any CPU
		{FB04ECC8-FF0E-4612-B475-31BA3A7C4BD5}.Debug|Any CPU.ActiveCfg = Debug|Any CPU
		{FB04ECC8-FF0E-4612-B475-31BA3A7C4BD5}.Debug|Any CPU.Build.0 = Debug|Any CPU
		{FB04ECC8-FF0E-4612-B475-31BA3A7C4BD5}.Release|Any CPU.ActiveCfg = Release|Any CPU
		{FB04ECC8-FF0E-4612-B475-31BA3A7C4BD5}.Release|Any CPU.Build.0 = Release|Any CPU
		{BB8884EC-0CCD-435E-8742-34811C3CBBB1}.Debug|Any CPU.ActiveCfg = Debug|Any CPU
		{BB8884EC-0CCD-435E-8742-34811C3CBBB1}.Debug|Any CPU.Build.0 = Debug|Any CPU
		{BB8884EC-0CCD-435E-8742-34811C3CBBB1}.Release|Any CPU.ActiveCfg = Release|Any CPU
		{BB8884EC-0CCD-435E-8742-34811C3CBBB1}.Release|Any CPU.Build.0 = Release|Any CPU
		{A52C13C1-7AC6-42A0-8187-58C9AFAAE522}.Debug|Any CPU.ActiveCfg = Debug|Any CPU
		{A52C13C1-7AC6-42A0-8187-58C9AFAAE522}.Debug|Any CPU.Build.0 = Debug|Any CPU
		{A52C13C1-7AC6-42A0-8187-58C9AFAAE522}.Release|Any CPU.ActiveCfg = Release|Any CPU
		{A52C13C1-7AC6-42A0-8187-58C9AFAAE522}.Release|Any CPU.Build.0 = Release|Any CPU
		{B45218B8-9377-4DD9-8947-8033929C67E2}.Debug|Any CPU.ActiveCfg = Debug|Any CPU
		{B45218B8-9377-4DD9-8947-8033929C67E2}.Debug|Any CPU.Build.0 = Debug|Any CPU
		{B45218B8-9377-4DD9-8947-8033929C67E2}.Release|Any CPU.ActiveCfg = Release|Any CPU
		{B45218B8-9377-4DD9-8947-8033929C67E2}.Release|Any CPU.Build.0 = Release|Any CPU
		{3BC2ED0F-A88B-4302-92F8-76273DF1B28C}.Debug|Any CPU.ActiveCfg = Debug|Any CPU
		{3BC2ED0F-A88B-4302-92F8-76273DF1B28C}.Debug|Any CPU.Build.0 = Debug|Any CPU
		{3BC2ED0F-A88B-4302-92F8-76273DF1B28C}.Release|Any CPU.ActiveCfg = Release|Any CPU
		{3BC2ED0F-A88B-4302-92F8-76273DF1B28C}.Release|Any CPU.Build.0 = Release|Any CPU
		{4B1E3347-06D6-48D7-B447-7DC6EE06DF1E}.Debug|Any CPU.ActiveCfg = Debug|Any CPU
		{4B1E3347-06D6-48D7-B447-7DC6EE06DF1E}.Debug|Any CPU.Build.0 = Debug|Any CPU
		{4B1E3347-06D6-48D7-B447-7DC6EE06DF1E}.Release|Any CPU.ActiveCfg = Release|Any CPU
		{4B1E3347-06D6-48D7-B447-7DC6EE06DF1E}.Release|Any CPU.Build.0 = Release|Any CPU
		{73917716-67D8-437A-AF4E-B80CAB1879EF}.Debug|Any CPU.ActiveCfg = Debug|Any CPU
		{73917716-67D8-437A-AF4E-B80CAB1879EF}.Debug|Any CPU.Build.0 = Debug|Any CPU
		{73917716-67D8-437A-AF4E-B80CAB1879EF}.Release|Any CPU.ActiveCfg = Release|Any CPU
		{73917716-67D8-437A-AF4E-B80CAB1879EF}.Release|Any CPU.Build.0 = Release|Any CPU
		{9D783F58-B211-4E9A-81AE-B13BAB040977}.Debug|Any CPU.ActiveCfg = Debug|Any CPU
		{9D783F58-B211-4E9A-81AE-B13BAB040977}.Debug|Any CPU.Build.0 = Debug|Any CPU
		{9D783F58-B211-4E9A-81AE-B13BAB040977}.Release|Any CPU.ActiveCfg = Release|Any CPU
		{9D783F58-B211-4E9A-81AE-B13BAB040977}.Release|Any CPU.Build.0 = Release|Any CPU
		{AA80C16E-A1ED-405D-8584-7624C39723B7}.Debug|Any CPU.ActiveCfg = Debug|Any CPU
		{AA80C16E-A1ED-405D-8584-7624C39723B7}.Debug|Any CPU.Build.0 = Debug|Any CPU
		{AA80C16E-A1ED-405D-8584-7624C39723B7}.Release|Any CPU.ActiveCfg = Release|Any CPU
		{AA80C16E-A1ED-405D-8584-7624C39723B7}.Release|Any CPU.Build.0 = Release|Any CPU
		{FC9EDF96-ECC4-4571-A8F0-9B52E9564590}.Debug|Any CPU.ActiveCfg = Debug|Any CPU
		{FC9EDF96-ECC4-4571-A8F0-9B52E9564590}.Debug|Any CPU.Build.0 = Debug|Any CPU
		{FC9EDF96-ECC4-4571-A8F0-9B52E9564590}.Release|Any CPU.ActiveCfg = Release|Any CPU
		{FC9EDF96-ECC4-4571-A8F0-9B52E9564590}.Release|Any CPU.Build.0 = Release|Any CPU
	EndGlobalSection
	GlobalSection(SolutionProperties) = preSolution
		HideSolutionNode = FALSE
	EndGlobalSection
	GlobalSection(NestedProjects) = preSolution
		{22DEE537-982F-4886-B8C5-678980BA7A5F} = {9060E31F-B0EE-45C3-ACAF-42F583E19B45}
		{2DA1B531-FAFB-44F6-843A-EDCC08EA2F21} = {9060E31F-B0EE-45C3-ACAF-42F583E19B45}
		{8E363FC1-3A7A-4AF6-ACA2-1AB863E085CE} = {9060E31F-B0EE-45C3-ACAF-42F583E19B45}
		{97E4ABEB-ACC5-4293-97D6-9F5E242C519D} = {B2AE3D7D-0231-472A-97D9-A3004DCA14DF}
		{3D62F458-EED7-4FF7-B5F9-A0B37F77F05B} = {B2AE3D7D-0231-472A-97D9-A3004DCA14DF}
		{FB04ECC8-FF0E-4612-B475-31BA3A7C4BD5} = {B2AE3D7D-0231-472A-97D9-A3004DCA14DF}
		{BB8884EC-0CCD-435E-8742-34811C3CBBB1} = {B43556C9-0685-4972-8B9B-1BE6B2B61E85}
		{A52C13C1-7AC6-42A0-8187-58C9AFAAE522} = {B43556C9-0685-4972-8B9B-1BE6B2B61E85}
		{B45218B8-9377-4DD9-8947-8033929C67E2} = {B43556C9-0685-4972-8B9B-1BE6B2B61E85}
		{3BC2ED0F-A88B-4302-92F8-76273DF1B28C} = {DD702199-D90D-4C00-9165-0A4453A7A9DC}
		{4B1E3347-06D6-48D7-B447-7DC6EE06DF1E} = {DD702199-D90D-4C00-9165-0A4453A7A9DC}
		{73917716-67D8-437A-AF4E-B80CAB1879EF} = {DD702199-D90D-4C00-9165-0A4453A7A9DC}
		{9D783F58-B211-4E9A-81AE-B13BAB040977} = {8F76C68B-9464-439F-B43E-8C00C03F35E1}
		{AA80C16E-A1ED-405D-8584-7624C39723B7} = {8F76C68B-9464-439F-B43E-8C00C03F35E1}
		{FC9EDF96-ECC4-4571-A8F0-9B52E9564590} = {8F76C68B-9464-439F-B43E-8C00C03F35E1}
	EndGlobalSection
	GlobalSection(ExtensibilityGlobals) = postSolution
		SolutionGuid = {C883E150-2479-4125-8FC6-685C638724ED}
	EndGlobalSection
EndGlobal
